
Microsoft Visual Studio Solution File, Format Version 12.00
# Visual Studio 15
VisualStudioVersion = 15.0.27703.2000
MinimumVisualStudioVersion = 10.0.40219.1
Project("{FAE04EC0-301F-11D3-BF4B-00C04F79EFBC}") = "GEOIP2Helper", "GEOIP2Helper\GEOIP2Helper.csproj", "{27E09D2B-F5EB-4A74-9EC0-8E52568BCBCC}"
EndProject
Project("{FAE04EC0-301F-11D3-BF4B-00C04F79EFBC}") = "GEOIP2HelperTest", "GEOIP2HelperTest\GEOIP2HelperTest.csproj", "{C74FC072-A2DE-4CB3-A223-BA9807E104D6}"
EndProject
Global
	GlobalSection(SolutionConfigurationPlatforms) = preSolution
		Debug|Any CPU = Debug|Any CPU
		Release|Any CPU = Release|Any CPU
	EndGlobalSection
	GlobalSection(ProjectConfigurationPlatforms) = postSolution
		{27E09D2B-F5EB-4A74-9EC0-8E52568BCBCC}.Debug|Any CPU.ActiveCfg = Debug|Any CPU
		{27E09D2B-F5EB-4A74-9EC0-8E52568BCBCC}.Debug|Any CPU.Build.0 = Debug|Any CPU
		{27E09D2B-F5EB-4A74-9EC0-8E52568BCBCC}.Release|Any CPU.ActiveCfg = Release|Any CPU
		{27E09D2B-F5EB-4A74-9EC0-8E52568BCBCC}.Release|Any CPU.Build.0 = Release|Any CPU
		{C74FC072-A2DE-4CB3-A223-BA9807E104D6}.Debug|Any CPU.ActiveCfg = Debug|Any CPU
		{C74FC072-A2DE-4CB3-A223-BA9807E104D6}.Debug|Any CPU.Build.0 = Debug|Any CPU
		{C74FC072-A2DE-4CB3-A223-BA9807E104D6}.Release|Any CPU.ActiveCfg = Release|Any CPU
		{C74FC072-A2DE-4CB3-A223-BA9807E104D6}.Release|Any CPU.Build.0 = Release|Any CPU
	EndGlobalSection
	GlobalSection(SolutionProperties) = preSolution
		HideSolutionNode = FALSE
	EndGlobalSection
	GlobalSection(ExtensibilityGlobals) = postSolution
		SolutionGuid = {7AF0835F-B6D5-4FAE-BA68-9B467F4F658A}
	EndGlobalSection
EndGlobal
